
Microsoft Visual Studio Solution File, Format Version 12.00
# Visual Studio Version 17
VisualStudioVersion = 17.9.34728.123
MinimumVisualStudioVersion = 10.0.40219.1
Project("{FAE04EC0-301F-11D3-BF4B-00C04F79EFBC}") = "WoProPdfDemo", "WoProPdfDemo.csproj", "{6A522357-5F42-4561-97BD-97E6681E8121}"
EndProject
Global
	GlobalSection(SolutionConfigurationPlatforms) = preSolution
		Debug|Any CPU = Debug|Any CPU
		Release|Any CPU = Release|Any CPU
	EndGlobalSection
	GlobalSection(ProjectConfigurationPlatforms) = postSolution
		{6A522357-5F42-4561-97BD-97E6681E8121}.Debug|Any CPU.ActiveCfg = Debug|Any CPU
		{6A522357-5F42-4561-97BD-97E6681E8121}.Debug|Any CPU.Build.0 = Debug|Any CPU
		{6A522357-5F42-4561-97BD-97E6681E8121}.Release|Any CPU.ActiveCfg = Release|Any CPU
		{6A522357-5F42-4561-97BD-97E6681E8121}.Release|Any CPU.Build.0 = Release|Any CPU
	EndGlobalSection
	GlobalSection(SolutionProperties) = preSolution
		HideSolutionNode = FALSE
	EndGlobalSection
	GlobalSection(ExtensibilityGlobals) = postSolution
		SolutionGuid = {620EBA4A-4498-488C-895D-B2F8A3B3908A}
	EndGlobalSection
EndGlobal
